
Microsoft Visual Studio Solution File, Format Version 12.00
# Visual Studio Version 17
VisualStudioVersion = 17.14.36518.9
MinimumVisualStudioVersion = 10.0.40219.1
Project("{FAE04EC0-301F-11D3-BF4B-00C04F79EFBC}") = "DBSportStore", "WebApplication6\DBSportStore.csproj", "{9DF5CFAB-44A7-4AC8-B7DB-F69442D973D5}"
EndProject
Global
	GlobalSection(SolutionConfigurationPlatforms) = preSolution
		Debug|Any CPU = Debug|Any CPU
		Release|Any CPU = Release|Any CPU
	EndGlobalSection
	GlobalSection(ProjectConfigurationPlatforms) = postSolution
		{9DF5CFAB-44A7-4AC8-B7DB-F69442D973D5}.Debug|Any CPU.ActiveCfg = Debug|Any CPU
		{9DF5CFAB-44A7-4AC8-B7DB-F69442D973D5}.Debug|Any CPU.Build.0 = Debug|Any CPU
		{9DF5CFAB-44A7-4AC8-B7DB-F69442D973D5}.Release|Any CPU.ActiveCfg = Release|Any CPU
		{9DF5CFAB-44A7-4AC8-B7DB-F69442D973D5}.Release|Any CPU.Build.0 = Release|Any CPU
	EndGlobalSection
	GlobalSection(SolutionProperties) = preSolution
		HideSolutionNode = FALSE
	EndGlobalSection
	GlobalSection(ExtensibilityGlobals) = postSolution
		SolutionGuid = {76B78785-6C02-4EE2-A4A3-93152C33537E}
	EndGlobalSection
EndGlobal
